<?xml version="1.0" encoding="utf-8"?>
<Project ToolsVersion="4.0" xmlns="http://schemas.microsoft.com/developer/msbuild/2003">
  <ItemGroup>
    <Filter Include="Source Files">
      <UniqueIdentifier>{4FC737F1-C7A5-4376-A066-2A32D752A2FF}</UniqueIdentifier>
      <Extensions>cpp;c;cc;cxx;def;odl;idl;hpj;bat;asm;asmx</Extensions>
    </Filter>
    <Filter Include="Header Files">
      <UniqueIdentifier>{93995380-89BD-4b04-88EB-625FBE52EBFB}</UniqueIdentifier>
      <Extensions>h;hh;hpp;hxx;hm;inl;inc;ipp;xsd</Extensions>
    </Filter>
    <Filter Include="Resource Files">
      <UniqueIdentifier>{67DA6AB6-F800-4c08-8B7A-83BB121AAD01}</UniqueIdentifier>
      <Extensions>rc;ico;cur;bmp;dlg;rc2;rct;bin;rgs;gif;jpg;jpeg;jpe;resx;tiff;tif;png;wav;mfcribbon-ms</Extensions>
    </Filter>
    <Filter Include="cinq">
      <UniqueIdentifier>{8602b82d-3b19-4947-97b7-7a5d58e9f0ab}</UniqueIdentifier>
    </Filter>
    <Filter Include="cinq\cinq">
      <UniqueIdentifier>{e48bfb35-286b-48e8-ab00-31249cde5371}</UniqueIdentifier>
    </Filter>
    <Filter Include="cinq\detail">
      <UniqueIdentifier>{5877dc2a-47c3-4c71-8b19-a4baf6afe551}</UniqueIdentifier>
    </Filter>
  </ItemGroup>
  <ItemGroup>
    <ClCompile Include="cinq.cpp">
      <Filter>Source Files</Filter>
    </ClCompile>
    <ClCompile Include="value-category-test.cpp">
      <Filter>Source Files</Filter>
    </ClCompile>
    <ClCompile Include="basic-combined-query-test.cpp">
      <Filter>Source Files</Filter>
    </ClCompile>
    <ClCompile Include="set-operation-test.cpp">
      <Filter>Source Files</Filter>
    </ClCompile>
    <ClCompile Include="guarantee-test.cpp">
      <Filter>Source Files</Filter>
    </ClCompile>
    <ClCompile Include="life-time-vtr-test.cpp">
      <Filter>Source Files</Filter>
    </ClCompile>
    <ClCompile Include="life-time-cref-vtr-test.cpp">
      <Filter>Source Files</Filter>
    </ClCompile>
    <ClCompile Include="life-time-ref-vtr-test.cpp">
      <Filter>Source Files</Filter>
    </ClCompile>
    <ClCompile Include="life-time-shared-ptr-vtr-test.cpp">
      <Filter>Source Files</Filter>
    </ClCompile>
  </ItemGroup>
  <ItemGroup>
    <ClInclude Include="query-generator.h">
      <Filter>Header Files</Filter>
    </ClInclude>
    <ClInclude Include="..\..\include\cinq.h">
      <Filter>cinq</Filter>
    </ClInclude>
    <ClInclude Include="..\..\include\cinq\aggregated-functions.h">
      <Filter>cinq\cinq</Filter>
    </ClInclude>
    <ClInclude Include="..\..\include\cinq\cinq.h">
      <Filter>cinq\cinq</Filter>
    </ClInclude>
    <ClInclude Include="..\..\include\cinq\enumerable.h">
      <Filter>cinq\cinq</Filter>
    </ClInclude>
    <ClInclude Include="..\..\include\cinq\enumerable-source.h">
      <Filter>cinq\cinq</Filter>
    </ClInclude>
    <ClInclude Include="..\..\include\cinq\operator-category.h">
      <Filter>cinq\cinq</Filter>
    </ClInclude>
    <ClInclude Include="..\..\include\cinq\operator-specialized-iterator.h">
      <Filter>cinq\cinq</Filter>
    </ClInclude>
    <ClInclude Include="..\..\include\detail\concept.h">
      <Filter>cinq\detail</Filter>
    </ClInclude>
    <ClInclude Include="..\..\include\detail\utility.h">
      <Filter>cinq\detail</Filter>
    </ClInclude>
    <ClInclude Include="cinq-test.h">
      <Filter>Header Files</Filter>
    </ClInclude>
    <ClInclude Include="cinq-test-utility.h">
      <Filter>Header Files</Filter>
    </ClInclude>
    <ClInclude Include="..\..\include\cinq\multi-enumerables-visitor.h">
      <Filter>cinq\cinq</Filter>
    </ClInclude>
  </ItemGroup>
</Project>